Microsoft Visual Studio Solution File, Format Version 12.00
# Visual Studio 14
Project("{8BC9CEB8-8B4A-11D0-8D11-00A0C91BC942}") = "ALL_BUILD", "ALL_BUILD.vcxproj", "{ECF3B1B0-F5DA-39DB-B886-1214A80C5435}"
	ProjectSection(ProjectDependencies) = postProject
		{67160A3D-8DF0-374C-B74A-071C0EB507F4} = {67160A3D-8DF0-374C-B74A-071C0EB507F4}
		{6C2A94BA-F06C-32F4-AF87-84CEF2F9699E} = {6C2A94BA-F06C-32F4-AF87-84CEF2F9699E}
	EndProjectSection
EndProject
Project("{8BC9CEB8-8B4A-11D0-8D11-00A0C91BC942}") = "ZERO_CHECK", "ZERO_CHECK.vcxproj", "{67160A3D-8DF0-374C-B74A-071C0EB507F4}"
	ProjectSection(ProjectDependencies) = postProject
	EndProjectSection
EndProject
Project("{8BC9CEB8-8B4A-11D0-8D11-00A0C91BC942}") = "proj5", "proj5.vcxproj", "{6C2A94BA-F06C-32F4-AF87-84CEF2F9699E}"
	ProjectSection(ProjectDependencies) = postProject
		{67160A3D-8DF0-374C-B74A-071C0EB507F4} = {67160A3D-8DF0-374C-B74A-071C0EB507F4}
	EndProjectSection
EndProject
Global
	GlobalSection(SolutionConfigurationPlatforms) = preSolution
		Debug|Win32 = Debug|Win32
		Release|Win32 = Release|Win32
		MinSizeRel|Win32 = MinSizeRel|Win32
		RelWithDebInfo|Win32 = RelWithDebInfo|Win32
	EndGlobalSection
	GlobalSection(ProjectConfigurationPlatforms) = postSolution
		{ECF3B1B0-F5DA-39DB-B886-1214A80C5435}.Debug|Win32.ActiveCfg = Debug|Win32
		{ECF3B1B0-F5DA-39DB-B886-1214A80C5435}.Release|Win32.ActiveCfg = Release|Win32
		{ECF3B1B0-F5DA-39DB-B886-1214A80C5435}.MinSizeRel|Win32.ActiveCfg = MinSizeRel|Win32
		{ECF3B1B0-F5DA-39DB-B886-1214A80C5435}.RelWithDebInfo|Win32.ActiveCfg = RelWithDebInfo|Win32
		{67160A3D-8DF0-374C-B74A-071C0EB507F4}.Debug|Win32.ActiveCfg = Debug|Win32
		{67160A3D-8DF0-374C-B74A-071C0EB507F4}.Debug|Win32.Build.0 = Debug|Win32
		{67160A3D-8DF0-374C-B74A-071C0EB507F4}.Release|Win32.ActiveCfg = Release|Win32
		{67160A3D-8DF0-374C-B74A-071C0EB507F4}.Release|Win32.Build.0 = Release|Win32
		{67160A3D-8DF0-374C-B74A-071C0EB507F4}.MinSizeRel|Win32.ActiveCfg = MinSizeRel|Win32
		{67160A3D-8DF0-374C-B74A-071C0EB507F4}.MinSizeRel|Win32.Build.0 = MinSizeRel|Win32
		{67160A3D-8DF0-374C-B74A-071C0EB507F4}.RelWithDebInfo|Win32.ActiveCfg = RelWithDebInfo|Win32
		{67160A3D-8DF0-374C-B74A-071C0EB507F4}.RelWithDebInfo|Win32.Build.0 = RelWithDebInfo|Win32
		{6C2A94BA-F06C-32F4-AF87-84CEF2F9699E}.Debug|Win32.ActiveCfg = Debug|Win32
		{6C2A94BA-F06C-32F4-AF87-84CEF2F9699E}.Debug|Win32.Build.0 = Debug|Win32
		{6C2A94BA-F06C-32F4-AF87-84CEF2F9699E}.Release|Win32.ActiveCfg = Release|Win32
		{6C2A94BA-F06C-32F4-AF87-84CEF2F9699E}.Release|Win32.Build.0 = Release|Win32
		{6C2A94BA-F06C-32F4-AF87-84CEF2F9699E}.MinSizeRel|Win32.ActiveCfg = MinSizeRel|Win32
		{6C2A94BA-F06C-32F4-AF87-84CEF2F9699E}.MinSizeRel|Win32.Build.0 = MinSizeRel|Win32
		{6C2A94BA-F06C-32F4-AF87-84CEF2F9699E}.RelWithDebInfo|Win32.ActiveCfg = RelWithDebInfo|Win32
		{6C2A94BA-F06C-32F4-AF87-84CEF2F9699E}.RelWithDebInfo|Win32.Build.0 = RelWithDebInfo|Win32
	EndGlobalSection
	GlobalSection(ExtensibilityGlobals) = postSolution
		SolutionGuid = {6004F5EE-CEA3-3D70-99AC-3B40D9D51EFA}
	EndGlobalSection
	GlobalSection(ExtensibilityAddIns) = postSolution
	EndGlobalSection
EndGlobal
